{
    "name": "codeforge",
    "version": "6.0.0",
    "lockfileVersion": 3,
    "requires": true,
    "packages": {
        "": {
            "name": "codeforge",
            "version": "6.0.0",
            "devDependencies": {},
            "engines": {
                "node": ">=14"
            }
        }
    }
}
